
Microsoft Visual Studio Solution File, Format Version 12.00
# Visual Studio 14
VisualStudioVersion = 14.0.25420.1
MinimumVisualStudioVersion = 10.0.40219.1
Project("{FAE04EC0-301F-11D3-BF4B-00C04F79EFBC}") = "Tracer", "Tracer\Tracer.csproj", "{8291BE3B-8293-44B4-863B-5B6E4B5B4F5F}"
EndProject
Project("{FAE04EC0-301F-11D3-BF4B-00C04F79EFBC}") = "TracerTest", "TracerTest\TracerTest.csproj", "{A651FA55-9CBB-49AF-85FD-120F24466379}"
EndProject
Global
	GlobalSection(SolutionConfigurationPlatforms) = preSolution
		Debug|Any CPU = Debug|Any CPU
		Release|Any CPU = Release|Any CPU
	EndGlobalSection
	GlobalSection(ProjectConfigurationPlatforms) = postSolution
		{8291BE3B-8293-44B4-863B-5B6E4B5B4F5F}.Debug|Any CPU.ActiveCfg = Debug|Any CPU
		{8291BE3B-8293-44B4-863B-5B6E4B5B4F5F}.Debug|Any CPU.Build.0 = Debug|Any CPU
		{8291BE3B-8293-44B4-863B-5B6E4B5B4F5F}.Release|Any CPU.ActiveCfg = Release|Any CPU
		{8291BE3B-8293-44B4-863B-5B6E4B5B4F5F}.Release|Any CPU.Build.0 = Release|Any CPU
		{A651FA55-9CBB-49AF-85FD-120F24466379}.Debug|Any CPU.ActiveCfg = Debug|Any CPU
		{A651FA55-9CBB-49AF-85FD-120F24466379}.Debug|Any CPU.Build.0 = Debug|Any CPU
		{A651FA55-9CBB-49AF-85FD-120F24466379}.Release|Any CPU.ActiveCfg = Release|Any CPU
		{A651FA55-9CBB-49AF-85FD-120F24466379}.Release|Any CPU.Build.0 = Release|Any CPU
	EndGlobalSection
	GlobalSection(SolutionProperties) = preSolution
		HideSolutionNode = FALSE
	EndGlobalSection
EndGlobal
